lockfileVersion: '6.0'

settings:
  autoInstallPeers: true
  excludeLinksFromLockfile: false

dependencies:
  '@auth/prisma-adapter':
    specifier: ^2.2.0
    version: 2.2.0(@prisma/client@5.15.0)
  '@libsql/client':
    specifier: ^0.6.2
    version: 0.6.2
  '@prisma/adapter-libsql':
    specifier: ^5.14.0
    version: 5.14.0(@libsql/client@0.6.2)
  '@prisma/client':
    specifier: ^5.15.0
    version: 5.15.0(prisma@5.15.0)
  next:
    specifier: latest
    version: 14.2.3(@opentelemetry/api@1.8.0)(react-dom@18.3.1)(react@18.3.1)
  next-auth:
    specifier: ^5.0.0-beta.4
    version: 5.0.0-beta.19(next@14.2.3)(react@18.3.1)
  react:
    specifier: latest
    version: 18.3.1
  react-dom:
    specifier: latest
    version: 18.3.1(react@18.3.1)

devDependencies:
  '@prisma/extension-optimize':
    specifier: ^0.8.0
    version: 0.8.0(@prisma/client@5.15.0)
  '@types/bun':
    specifier: ^1.1.3
    version: 1.1.3
  '@types/node':
    specifier: latest
    version: 20.14.1
  '@types/react':
    specifier: latest
    version: 18.3.3
  '@types/react-dom':
    specifier: latest
    version: 18.3.0
  bun:
    specifier: ^1.1.12
    version: 1.1.12
  dotenv:
    specifier: ^16.4.5
    version: 16.4.5
  prisma:
    specifier: ^5.15.0
    version: 5.15.0
  typescript:
    specifier: latest
    version: 5.4.5

packages:

  /@auth/core@0.32.0:
    resolution: {integrity: sha512-3+ssTScBd+1fd0/fscAyQN1tSygXzuhysuVVzB942ggU4mdfiTbv36P0ccVnExKWYJKvu3E2r3/zxXCCAmTOrg==}
    peerDependencies:
      '@simplewebauthn/browser': ^9.0.1
      '@simplewebauthn/server': ^9.0.2
      nodemailer: ^6.8.0
    peerDependenciesMeta:
      '@simplewebauthn/browser':
        optional: true
      '@simplewebauthn/server':
        optional: true
      nodemailer:
        optional: true
    dependencies:
      '@panva/hkdf': 1.1.1
      '@types/cookie': 0.6.0
      cookie: 0.6.0
      jose: 5.4.0
      oauth4webapi: 2.10.4
      preact: 10.11.3
      preact-render-to-string: 5.2.3(preact@10.11.3)
    dev: false

  /@auth/prisma-adapter@2.2.0(@prisma/client@5.15.0):
    resolution: {integrity: sha512-DiXgyJfqBb/6TPhNJ5IcRw3klxcFD+qaa7qvOYopV6rYinSUvsQkJ30m+so2SRlEsuDA6PqMu+Mf5Sd+zr3g+Q==}
    peerDependencies:
      '@prisma/client': '>=2.26.0 || >=3 || >=4 || >=5'
    dependencies:
      '@auth/core': 0.32.0
      '@prisma/client': 5.15.0(prisma@5.15.0)
    transitivePeerDependencies:
      - '@simplewebauthn/browser'
      - '@simplewebauthn/server'
      - nodemailer
    dev: false

  /@libsql/client@0.6.2:
    resolution: {integrity: sha512-xRNfRLv/dOCbV4qd+M0baQwGmvuZpMd2wG2UAPs8XmcdaPvu5ErkcaeITkxlm3hDEJVabQM1cFhMBxsugWW9fQ==}
    dependencies:
      '@libsql/core': 0.6.2
      '@libsql/hrana-client': 0.6.2
      js-base64: 3.7.7
      libsql: 0.3.18
    transitivePeerDependencies:
      - bufferutil
      - utf-8-validate
    dev: false

  /@libsql/core@0.6.2:
    resolution: {integrity: sha512-c2P4M+4u/4b2L02A0KjggO3UW51rGkhxr/7fzJO0fEAqsqrWGxuNj2YtRkina/oxfYvAof6xjp8RucNoIV/Odw==}
    dependencies:
      js-base64: 3.7.7
    dev: false

  /@libsql/darwin-arm64@0.3.18:
    resolution: {integrity: sha512-Zt49dt+cwhPCkuoWgvjbQd4ckNfCJR5xzIAyhgHl3CBZqZaEuaXTOGKLNQT7bnFRPuQcdLt5PBT1cenKu2N6pA==}
    cpu: [arm64]
    os: [darwin]
    requiresBuild: true
    dev: false
    optional: true

  /@libsql/darwin-x64@0.3.18:
    resolution: {integrity: sha512-faq6HUGDaNaueeqPei5cypHaD/hhazUyfHo094CXiEeRZq6ZKtNl5PHdlr8jE/Uw8USNpVVQaLdnvSgKcpRPHw==}
    cpu: [x64]
    os: [darwin]
    requiresBuild: true
    dev: false
    optional: true

  /@libsql/hrana-client@0.6.2:
    resolution: {integrity: sha512-MWxgD7mXLNf9FXXiM0bc90wCjZSpErWKr5mGza7ERy2FJNNMXd7JIOv+DepBA1FQTIfI8TFO4/QDYgaQC0goNw==}
    dependencies:
      '@libsql/isomorphic-fetch': 0.2.1
      '@libsql/isomorphic-ws': 0.1.5
      js-base64: 3.7.7
      node-fetch: 3.3.2
    transitivePeerDependencies:
      - bufferutil
      - utf-8-validate
    dev: false

  /@libsql/isomorphic-fetch@0.2.1:
    resolution: {integrity: sha512-Sv07QP1Aw8A5OOrmKgRUBKe2fFhF2hpGJhtHe3d1aRnTESZCGkn//0zDycMKTGamVWb3oLYRroOsCV8Ukes9GA==}
    dev: false

  /@libsql/isomorphic-ws@0.1.5:
    resolution: {integrity: sha512-DtLWIH29onUYR00i0GlQ3UdcTRC6EP4u9w/h9LxpUZJWRMARk6dQwZ6Jkd+QdwVpuAOrdxt18v0K2uIYR3fwFg==}
    dependencies:
      '@types/ws': 8.5.10
      ws: 8.17.0
    transitivePeerDependencies:
      - bufferutil
      - utf-8-validate
    dev: false

  /@libsql/linux-arm64-gnu@0.3.18:
    resolution: {integrity: sha512-5m9xtDAhoyLSV54tho9uQ2ZIDeJWc0vU3Xpe/VK4+6bpURISs23qNhXiCrZnnq3oV0hFlBfcIgQUIATmb6jD2A==}
    cpu: [arm64]
    os: [linux]
    requiresBuild: true
    dev: false
    optional: true

  /@libsql/linux-arm64-musl@0.3.18:
    resolution: {integrity: sha512-oYD5+oM2gPEalp+EoR5DVQBRtdGjLsocjsRbQs5O2m4WOBJKER7VUfDYZHsifLGZoBSc11Yo6s9IR9rjGWy20w==}
    cpu: [arm64]
    os: [linux]
    requiresBuild: true
    dev: false
    optional: true

  /@libsql/linux-x64-gnu@0.3.18:
    resolution: {integrity: sha512-QDSSP60nS8KIldGE7H3bpEflQHiL1erwED6huoVJdmDFxsyDJX2CYdWUWW8Za0ZUOvUbnEWAOyMhp6j1dBbZqw==}
    cpu: [x64]
    os: [linux]
    requiresBuild: true
    dev: false
    optional: true

  /@libsql/linux-x64-musl@0.3.18:
    resolution: {integrity: sha512-5SXwTlaLCUPzxYyq+P0c7Ko7tcEjpd1X6RZKe1DuRFmJPg6f7j2+LrPEhMSIbqKcrl5ACUUAyoKmGZqNYwz23w==}
    cpu: [x64]
    os: [linux]
    requiresBuild: true
    dev: false
    optional: true

  /@libsql/win32-x64-msvc@0.3.18:
    resolution: {integrity: sha512-9EEIHz+e8tTbx9TMkb8ByZnzxc0pYFirK1nSbqC6cFEST95fiY0NCfQ/zAzJxe90KckbjifX6BbO69eWIi3TAg==}
    cpu: [x64]
    os: [win32]
    requiresBuild: true
    dev: false
    optional: true

  /@neon-rs/load@0.0.4:
    resolution: {integrity: sha512-kTPhdZyTQxB+2wpiRcFWrDcejc4JI6tkPuS7UZCG4l6Zvc5kU/gGQ/ozvHTh1XR5tS+UlfAfGuPajjzQjCiHCw==}
    dev: false

  /@next/env@14.2.3:
    resolution: {integrity: sha512-W7fd7IbkfmeeY2gXrzJYDx8D2lWKbVoTIj1o1ScPHNzvp30s1AuoEFSdr39bC5sjxJaxTtq3OTCZboNp0lNWHA==}
    dev: false

  /@next/swc-darwin-arm64@14.2.3:
    resolution: {integrity: sha512-3pEYo/RaGqPP0YzwnlmPN2puaF2WMLM3apt5jLW2fFdXD9+pqcoTzRk+iZsf8ta7+quAe4Q6Ms0nR0SFGFdS1A==}
    engines: {node: '>= 10'}
    cpu: [arm64]
    os: [darwin]
    requiresBuild: true
    dev: false
    optional: true

  /@next/swc-darwin-x64@14.2.3:
    resolution: {integrity: sha512-6adp7waE6P1TYFSXpY366xwsOnEXM+y1kgRpjSRVI2CBDOcbRjsJ67Z6EgKIqWIue52d2q/Mx8g9MszARj8IEA==}
    engines: {node: '>= 10'}
    cpu: [x64]
    os: [darwin]
    requiresBuild: true
    dev: false
    optional: true

  /@next/swc-linux-arm64-gnu@14.2.3:
    resolution: {integrity: sha512-cuzCE/1G0ZSnTAHJPUT1rPgQx1w5tzSX7POXSLaS7w2nIUJUD+e25QoXD/hMfxbsT9rslEXugWypJMILBj/QsA==}
    engines: {node: '>= 10'}
    cpu: [arm64]
    os: [linux]
    requiresBuild: true
    dev: false
    optional: true

  /@next/swc-linux-arm64-musl@14.2.3:
    resolution: {integrity: sha512-0D4/oMM2Y9Ta3nGuCcQN8jjJjmDPYpHX9OJzqk42NZGJocU2MqhBq5tWkJrUQOQY9N+In9xOdymzapM09GeiZw==}
    engines: {node: '>= 10'}
    cpu: [arm64]
    os: [linux]
    requiresBuild: true
    dev: false
    optional: true

  /@next/swc-linux-x64-gnu@14.2.3:
    resolution: {integrity: sha512-ENPiNnBNDInBLyUU5ii8PMQh+4XLr4pG51tOp6aJ9xqFQ2iRI6IH0Ds2yJkAzNV1CfyagcyzPfROMViS2wOZ9w==}
    engines: {node: '>= 10'}
    cpu: [x64]
    os: [linux]
    requiresBuild: true
    dev: false
    optional: true

  /@next/swc-linux-x64-musl@14.2.3:
    resolution: {integrity: sha512-BTAbq0LnCbF5MtoM7I/9UeUu/8ZBY0i8SFjUMCbPDOLv+un67e2JgyN4pmgfXBwy/I+RHu8q+k+MCkDN6P9ViQ==}
    engines: {node: '>= 10'}
    cpu: [x64]
    os: [linux]
    requiresBuild: true
    dev: false
    optional: true

  /@next/swc-win32-arm64-msvc@14.2.3:
    resolution: {integrity: sha512-AEHIw/dhAMLNFJFJIJIyOFDzrzI5bAjI9J26gbO5xhAKHYTZ9Or04BesFPXiAYXDNdrwTP2dQceYA4dL1geu8A==}
    engines: {node: '>= 10'}
    cpu: [arm64]
    os: [win32]
    requiresBuild: true
    dev: false
    optional: true

  /@next/swc-win32-ia32-msvc@14.2.3:
    resolution: {integrity: sha512-vga40n1q6aYb0CLrM+eEmisfKCR45ixQYXuBXxOOmmoV8sYST9k7E3US32FsY+CkkF7NtzdcebiFT4CHuMSyZw==}
    engines: {node: '>= 10'}
    cpu: [ia32]
    os: [win32]
    requiresBuild: true
    dev: false
    optional: true

  /@next/swc-win32-x64-msvc@14.2.3:
    resolution: {integrity: sha512-Q1/zm43RWynxrO7lW4ehciQVj+5ePBhOK+/K2P7pLFX3JaJ/IZVC69SHidrmZSOkqz7ECIOhhy7XhAFG4JYyHA==}
    engines: {node: '>= 10'}
    cpu: [x64]
    os: [win32]
    requiresBuild: true
    dev: false
    optional: true

  /@opentelemetry/api-logs@0.49.1:
    resolution: {integrity: sha512-kaNl/T7WzyMUQHQlVq7q0oV4Kev6+0xFwqzofryC66jgGMacd0QH5TwfpbUwSTby+SdAdprAe5UKMvBw4tKS5Q==}
    engines: {node: '>=14'}
    dependencies:
      '@opentelemetry/api': 1.8.0
    dev: true

  /@opentelemetry/api@1.8.0:
    resolution: {integrity: sha512-I/s6F7yKUDdtMsoBWXJe8Qz40Tui5vsuKCWJEWVL+5q9sSWRzzx6v2KeNsOBEwd94j0eWkpWCH4yB6rZg9Mf0w==}
    engines: {node: '>=8.0.0'}

  /@opentelemetry/context-async-hooks@1.22.0(@opentelemetry/api@1.8.0):
    resolution: {integrity: sha512-Nfdxyg8YtWqVWkyrCukkundAjPhUXi93JtVQmqDT1mZRVKqA7e2r7eJCrI+F651XUBMp0hsOJSGiFk3QSpaIJw==}
    engines: {node: '>=14'}
    peerDependencies:
      '@opentelemetry/api': '>=1.0.0 <1.9.0'
    dependencies:
      '@opentelemetry/api': 1.8.0
    dev: true

  /@opentelemetry/core@1.22.0(@opentelemetry/api@1.8.0):
    resolution: {integrity: sha512-0VoAlT6x+Xzik1v9goJ3pZ2ppi6+xd3aUfg4brfrLkDBHRIVjMP0eBHrKrhB+NKcDyMAg8fAbGL3Npg/F6AwWA==}
    engines: {node: '>=14'}
    peerDependencies:
      '@opentelemetry/api': '>=1.0.0 <1.9.0'
    dependencies:
      '@opentelemetry/api': 1.8.0
      '@opentelemetry/semantic-conventions': 1.22.0
    dev: true

  /@opentelemetry/exporter-trace-otlp-http@0.49.1(@opentelemetry/api@1.8.0):
    resolution: {integrity: sha512-KOLtZfZvIrpGZLVvblKsiVQT7gQUZNKcUUH24Zz6Xbi7LJb9Vt6xtUZFYdR5IIjvt47PIqBKDWUQlU0o1wAsRw==}
    engines: {node: '>=14'}
    peerDependencies:
      '@opentelemetry/api': ^1.0.0
    dependencies:
      '@opentelemetry/api': 1.8.0
      '@opentelemetry/core': 1.22.0(@opentelemetry/api@1.8.0)
      '@opentelemetry/otlp-exporter-base': 0.49.1(@opentelemetry/api@1.8.0)
      '@opentelemetry/otlp-transformer': 0.49.1(@opentelemetry/api@1.8.0)
      '@opentelemetry/resources': 1.22.0(@opentelemetry/api@1.8.0)
      '@opentelemetry/sdk-trace-base': 1.22.0(@opentelemetry/api@1.8.0)
    dev: true

  /@opentelemetry/instrumentation@0.49.1(@opentelemetry/api@1.8.0):
    resolution: {integrity: sha512-0DLtWtaIppuNNRRllSD4bjU8ZIiLp1cDXvJEbp752/Zf+y3gaLNaoGRGIlX4UHhcsrmtL+P2qxi3Hodi8VuKiQ==}
    engines: {node: '>=14'}
    peerDependencies:
      '@opentelemetry/api': ^1.3.0
    dependencies:
      '@opentelemetry/api': 1.8.0
      '@opentelemetry/api-logs': 0.49.1
      '@types/shimmer': 1.0.5
      import-in-the-middle: 1.7.1
      require-in-the-middle: 7.3.0
      semver: 7.6.2
      shimmer: 1.2.1
    transitivePeerDependencies:
      - supports-color
    dev: true

  /@opentelemetry/otlp-exporter-base@0.49.1(@opentelemetry/api@1.8.0):
    resolution: {integrity: sha512-z6sHliPqDgJU45kQatAettY9/eVF58qVPaTuejw9YWfSRqid9pXPYeegDCSdyS47KAUgAtm+nC28K3pfF27HWg==}
    engines: {node: '>=14'}
    peerDependencies:
      '@opentelemetry/api': ^1.0.0
    dependencies:
      '@opentelemetry/api': 1.8.0
      '@opentelemetry/core': 1.22.0(@opentelemetry/api@1.8.0)
    dev: true

  /@opentelemetry/otlp-transformer@0.49.1(@opentelemetry/api@1.8.0):
    resolution: {integrity: sha512-Z+koA4wp9L9e3jkFacyXTGphSWTbOKjwwXMpb0CxNb0kjTHGUxhYRN8GnkLFsFo5NbZPjP07hwAqeEG/uCratQ==}
    engines: {node: '>=14'}
    peerDependencies:
      '@opentelemetry/api': '>=1.3.0 <1.9.0'
    dependencies:
      '@opentelemetry/api': 1.8.0
      '@opentelemetry/api-logs': 0.49.1
      '@opentelemetry/core': 1.22.0(@opentelemetry/api@1.8.0)
      '@opentelemetry/resources': 1.22.0(@opentelemetry/api@1.8.0)
      '@opentelemetry/sdk-logs': 0.49.1(@opentelemetry/api-logs@0.49.1)(@opentelemetry/api@1.8.0)
      '@opentelemetry/sdk-metrics': 1.22.0(@opentelemetry/api@1.8.0)
      '@opentelemetry/sdk-trace-base': 1.22.0(@opentelemetry/api@1.8.0)
    dev: true

  /@opentelemetry/resources@1.22.0(@opentelemetry/api@1.8.0):
    resolution: {integrity: sha512-+vNeIFPH2hfcNL0AJk/ykJXoUCtR1YaDUZM+p3wZNU4Hq98gzq+7b43xbkXjadD9VhWIUQqEwXyY64q6msPj6A==}
    engines: {node: '>=14'}
    peerDependencies:
      '@opentelemetry/api': '>=1.0.0 <1.9.0'
    dependencies:
      '@opentelemetry/api': 1.8.0
      '@opentelemetry/core': 1.22.0(@opentelemetry/api@1.8.0)
      '@opentelemetry/semantic-conventions': 1.22.0
    dev: true

  /@opentelemetry/sdk-logs@0.49.1(@opentelemetry/api-logs@0.49.1)(@opentelemetry/api@1.8.0):
    resolution: {integrity: sha512-gCzYWsJE0h+3cuh3/cK+9UwlVFyHvj3PReIOCDOmdeXOp90ZjKRoDOJBc3mvk1LL6wyl1RWIivR8Rg9OToyesw==}
    engines: {node: '>=14'}
    peerDependencies:
      '@opentelemetry/api': '>=1.4.0 <1.9.0'
      '@opentelemetry/api-logs': '>=0.39.1'
    dependencies:
      '@opentelemetry/api': 1.8.0
      '@opentelemetry/api-logs': 0.49.1
      '@opentelemetry/core': 1.22.0(@opentelemetry/api@1.8.0)
      '@opentelemetry/resources': 1.22.0(@opentelemetry/api@1.8.0)
    dev: true

  /@opentelemetry/sdk-metrics@1.22.0(@opentelemetry/api@1.8.0):
    resolution: {integrity: sha512-k6iIx6H3TZ+BVMr2z8M16ri2OxWaljg5h8ihGJxi/KQWcjign6FEaEzuigXt5bK9wVEhqAcWLCfarSftaNWkkg==}
    engines: {node: '>=14'}
    peerDependencies:
      '@opentelemetry/api': '>=1.3.0 <1.9.0'
    dependencies:
      '@opentelemetry/api': 1.8.0
      '@opentelemetry/core': 1.22.0(@opentelemetry/api@1.8.0)
      '@opentelemetry/resources': 1.22.0(@opentelemetry/api@1.8.0)
      lodash.merge: 4.6.2
    dev: true

  /@opentelemetry/sdk-trace-base@1.22.0(@opentelemetry/api@1.8.0):
    resolution: {integrity: sha512-pfTuSIpCKONC6vkTpv6VmACxD+P1woZf4q0K46nSUvXFvOFqjBYKFaAMkKD3M1mlKUUh0Oajwj35qNjMl80m1Q==}
    engines: {node: '>=14'}
    peerDependencies:
      '@opentelemetry/api': '>=1.0.0 <1.9.0'
    dependencies:
      '@opentelemetry/api': 1.8.0
      '@opentelemetry/core': 1.22.0(@opentelemetry/api@1.8.0)
      '@opentelemetry/resources': 1.22.0(@opentelemetry/api@1.8.0)
      '@opentelemetry/semantic-conventions': 1.22.0
    dev: true

  /@opentelemetry/semantic-conventions@1.22.0:
    resolution: {integrity: sha512-CAOgFOKLybd02uj/GhCdEeeBjOS0yeoDeo/CA7ASBSmenpZHAKGB3iDm/rv3BQLcabb/OprDEsSQ1y0P8A7Siw==}
    engines: {node: '>=14'}
    dev: true

  /@oven/bun-darwin-aarch64@1.1.12:
    resolution: {integrity: sha512-g8nmDXIYDmbEnP6moX3ZTS5BsikX8dz/XB0PAfL+LEBJEGECyor2Hv1yvhGQfeR1/lvfSXsWnk0Hhk9Mrj6uoQ==}
    cpu: [arm64]
    os: [darwin]
    requiresBuild: true
    dev: true
    optional: true

  /@oven/bun-darwin-x64-baseline@1.1.12:
    resolution: {integrity: sha512-KXBwaeD9y4GuxSqC1uDNIktTC/jY2DtagiURuUOF1rniYxkkLRNgXotTvVA5NvP2PBCoWyrxZ67WJSBm0AIyjQ==}
    cpu: [x64]
    os: [darwin]
    requiresBuild: true
    dev: true
    optional: true

  /@oven/bun-darwin-x64@1.1.12:
    resolution: {integrity: sha512-XWL6atcLxyh4KgOlqqyHUOh4Ylm46CExipJmAdKs30gyYqbw3E+HTFhADsyFEtugOe0qPUNlo0aMo+ZMc1yIQA==}
    cpu: [x64]
    os: [darwin]
    requiresBuild: true
    dev: true
    optional: true

  /@oven/bun-linux-aarch64@1.1.12:
    resolution: {integrity: sha512-6Jen4+b5BzInF7bbRjMIWoy3xIuK/kQQn9xehvrAYnr3J9p3vCD5VhzDP20hW9yQcmZtO2kE6pIYCbaaxPNKtg==}
    cpu: [arm64]
    os: [linux]
    requiresBuild: true
    dev: true
    optional: true

  /@oven/bun-linux-x64-baseline@1.1.12:
    resolution: {integrity: sha512-luwWf/QGMJ23+yIRBMDnhjYuxh9zXy+Vw4lAzwvLB7phYXCs7IPEhIhZxhcZQ3XMafWtHlWAVo5P6NZZdFRMUQ==}
    cpu: [x64]
    os: [linux]
    requiresBuild: true
    dev: true
    optional: true

  /@oven/bun-linux-x64@1.1.12:
    resolution: {integrity: sha512-X4dqnIOv4M9HAL4tAj9bb14WjsfKby5xWNV/otUxtfSDsDrV2ukYUekivEmHqchxHFUHOHyc/cv+/jtfvedDZg==}
    cpu: [x64]
    os: [linux]
    requiresBuild: true
    dev: true
    optional: true

  /@oven/bun-windows-x64-baseline@1.1.12:
    resolution: {integrity: sha512-MRn+zcJO1hcVqwJmFxpUSdb6ZvrYC8Xp2N1fPOzdw3YSskz9iHkJuUKzx7s9iCC7jTpo6XI/H51EFr/M2U7Ipg==}
    cpu: [x64]
    os: [win32]
    requiresBuild: true
    dev: true
    optional: true

  /@oven/bun-windows-x64@1.1.12:
    resolution: {integrity: sha512-ufvTeXXI9tJSJUhvdPnFUmGqCNBKBazEwjvQ5c8vhtZ8hdBHV54LoURVDIBYCgzfdv5NQT3sr8qRLFqy4mlMLg==}
    cpu: [x64]
    os: [win32]
    requiresBuild: true
    dev: true
    optional: true

  /@panva/hkdf@1.1.1:
    resolution: {integrity: sha512-dhPeilub1NuIG0X5Kvhh9lH4iW3ZsHlnzwgwbOlgwQ2wG1IqFzsgHqmKPk3WzsdWAeaxKJxgM0+W433RmN45GA==}
    dev: false

  /@prisma/adapter-libsql@5.14.0(@libsql/client@0.6.2):
    resolution: {integrity: sha512-tyIBfZXGKxntZMNplBHQQdb2imDQxqAd8WJyU+HdJYkyjwezOF9gbV4HRB4OtnF5dKodHhnxOI8ie8C7EpjESA==}
    peerDependencies:
      '@libsql/client': ^0.3.5 || ^0.4.0 || ^0.5.0 || ^0.6.0
    dependencies:
      '@libsql/client': 0.6.2
      '@prisma/driver-adapter-utils': 5.14.0
      async-mutex: 0.5.0
    dev: false

  /@prisma/client@5.15.0(prisma@5.15.0):
    resolution: {integrity: sha512-wPTeTjbd2Q0abOeffN7zCDCbkp9C9cF+e9HPiI64lmpehyq2TepgXE+sY7FXr7Rhbb21prLMnhXX27/E11V09w==}
    engines: {node: '>=16.13'}
    requiresBuild: true
    peerDependencies:
      prisma: '*'
    peerDependenciesMeta:
      prisma:
        optional: true
    dependencies:
      prisma: 5.15.0

  /@prisma/debug@5.12.1:
    resolution: {integrity: sha512-kd/wNsR0klrv79o1ITsbWxYyh4QWuBidvxsXSParPsYSu0ircUmNk3q4ojsgNc3/81b0ozg76iastOG43tbf8A==}
    dev: true

  /@prisma/debug@5.14.0:
    resolution: {integrity: sha512-iq56qBZuFfX3fCxoxT8gBX33lQzomBU0qIUaEj1RebsKVz1ob/BVH1XSBwwwvRVtZEV1b7Fxx2eVu34Ge/mg3w==}
    dev: false

  /@prisma/debug@5.15.0:
    resolution: {integrity: sha512-QpEAOjieLPc/4sMny/WrWqtpIAmBYsgqwWlWwIctqZO0AbhQ9QcT6x2Ut3ojbDo/pFRCCA1Z1+xm2MUy7fAkZA==}

  /@prisma/driver-adapter-utils@5.14.0:
    resolution: {integrity: sha512-EyAfdKjk0M7CaA7BfiwDTPLs7udOwt+RUnyWIPSg7uBEFp2GS/l9Ig7CCgMZFcBFc62v0c6Z/R3WFuQ+bNxfnA==}
    dependencies:
      '@prisma/debug': 5.14.0
    dev: false

  /@prisma/engines-version@5.15.0-29.12e25d8d06f6ea5a0252864dd9a03b1bb51f3022:
    resolution: {integrity: sha512-3BEgZ41Qb4oWHz9kZNofToRvNeS4LZYaT9pienR1gWkjhky6t6K1NyeWNBkqSj2llgraUNbgMOCQPY4f7Qp5wA==}

  /@prisma/engines@5.15.0:
    resolution: {integrity: sha512-hXL5Sn9hh/ZpRKWiyPA5GbvF3laqBHKt6Vo70hYqqOhh5e0ZXDzHcdmxNvOefEFeqxra2DMz2hNbFoPvqrVe1w==}
    requiresBuild: true
    dependencies:
      '@prisma/debug': 5.15.0
      '@prisma/engines-version': 5.15.0-29.12e25d8d06f6ea5a0252864dd9a03b1bb51f3022
      '@prisma/fetch-engine': 5.15.0
      '@prisma/get-platform': 5.15.0

  /@prisma/extension-optimize@0.8.0(@prisma/client@5.15.0):
    resolution: {integrity: sha512-j6KBzCumjpzEOzCqFrh+NEls3iA7z0rFdkBg1HDlju12Oa9dhTWk3TDKFxuY0JImmc3wY72sTYYq45pB0Iyxsw==}
    peerDependencies:
      '@prisma/client': 5.x
    dependencies:
      '@opentelemetry/api': 1.8.0
      '@opentelemetry/context-async-hooks': 1.22.0(@opentelemetry/api@1.8.0)
      '@opentelemetry/exporter-trace-otlp-http': 0.49.1(@opentelemetry/api@1.8.0)
      '@opentelemetry/instrumentation': 0.49.1(@opentelemetry/api@1.8.0)
      '@opentelemetry/resources': 1.22.0(@opentelemetry/api@1.8.0)
      '@opentelemetry/sdk-trace-base': 1.22.0(@opentelemetry/api@1.8.0)
      '@opentelemetry/semantic-conventions': 1.22.0
      '@prisma/client': 5.15.0(prisma@5.15.0)
      '@prisma/debug': 5.12.1
      '@prisma/instrumentation': 5.14.0-dev.65
      kleur: 4.1.5
      node-notifier: 10.0.1
      readline-sync: 1.4.10
      xdg-app-paths: 8.3.0
    transitivePeerDependencies:
      - supports-color
    dev: true

  /@prisma/fetch-engine@5.15.0:
    resolution: {integrity: sha512-z6AY5yyXxc20Klj7wwnfGP0iIUkVKzybqapT02zLYR/nf9ynaeN8bq73WRmi1TkLYn+DJ5Qy+JGu7hBf1pE78A==}
    dependencies:
      '@prisma/debug': 5.15.0
      '@prisma/engines-version': 5.15.0-29.12e25d8d06f6ea5a0252864dd9a03b1bb51f3022
      '@prisma/get-platform': 5.15.0

  /@prisma/get-platform@5.15.0:
    resolution: {integrity: sha512-1GULDkW4+/VQb73vihxCBSc4Chc2x88MA+O40tcZFjmBzG4/fF44PaXFxUqKSFltxU9L9GIMLhh0Gfkk/pUbtg==}
    dependencies:
      '@prisma/debug': 5.15.0

  /@prisma/instrumentation@5.14.0-dev.65:
    resolution: {integrity: sha512-UPWFu0N0w54BEVBvORUgiTLS55E7iYnz+rH2ODD7etjFYwmAlddDl19o8askqLe0CyMT+1RfOcmyAOhF7OYkDw==}
    dependencies:
      '@opentelemetry/api': 1.8.0
      '@opentelemetry/instrumentation': 0.49.1(@opentelemetry/api@1.8.0)
      '@opentelemetry/sdk-trace-base': 1.22.0(@opentelemetry/api@1.8.0)
    transitivePeerDependencies:
      - supports-color
    dev: true

  /@swc/counter@0.1.3:
    resolution: {integrity: sha512-e2BR4lsJkkRlKZ/qCHPw9ZaSxc0MVUd7gtbtaB7aMvHeJVYe8sOB8DBZkP2DtISHGSku9sCK6T6cnY0CtXrOCQ==}
    dev: false

  /@swc/helpers@0.5.5:
    resolution: {integrity: sha512-KGYxvIOXcceOAbEk4bi/dVLEK9z8sZ0uBB3Il5b1rhfClSpcX0yfRO0KmTkqR2cnQDymwLB+25ZyMzICg/cm/A==}
    dependencies:
      '@swc/counter': 0.1.3
      tslib: 2.6.3
    dev: false

  /@types/bun@1.1.3:
    resolution: {integrity: sha512-i+mVz8C/lx+RprDR6Mr402iE1kmajgJPnmSfJ/NvU85sGGXSylYZ/6yc+XhVLr2E/t8o6HmjwV0evtnUOR0CFA==}
    dependencies:
      bun-types: 1.1.9
    dev: true

  /@types/cookie@0.6.0:
    resolution: {integrity: sha512-4Kh9a6B2bQciAhf7FSuMRRkUWecJgJu9nPnx3yzpsfXX/c50REIqpHY4C82bXP90qrLtXtkDxTZosYO3UpOwlA==}
    dev: false

  /@types/node@20.12.14:
    resolution: {integrity: sha512-scnD59RpYD91xngrQQLGkE+6UrHUPzeKZWhhjBSa3HSkwjbQc38+q3RoIVEwxQGRw3M+j5hpNAM+lgV3cVormg==}
    dependencies:
      undici-types: 5.26.5
    dev: true

  /@types/node@20.14.1:
    resolution: {integrity: sha512-T2MzSGEu+ysB/FkWfqmhV3PLyQlowdptmmgD20C6QxsS8Fmv5SjpZ1ayXaEC0S21/h5UJ9iA6W/5vSNU5l00OA==}
    dependencies:
      undici-types: 5.26.5

  /@types/prop-types@15.7.12:
    resolution: {integrity: sha512-5zvhXYtRNRluoE/jAp4GVsSduVUzNWKkOZrCDBWYtE7biZywwdC2AcEzg+cSMLFRfVgeAFqpfNabiPjxFddV1Q==}
    dev: true

  /@types/react-dom@18.3.0:
    resolution: {integrity: sha512-EhwApuTmMBmXuFOikhQLIBUn6uFg81SwLMOAUgodJF14SOBOCMdU04gDoYi0WOJJHD144TL32z4yDqCW3dnkQg==}
    dependencies:
      '@types/react': 18.3.3
    dev: true

  /@types/react@18.3.3:
    resolution: {integrity: sha512-hti/R0pS0q1/xx+TsI73XIqk26eBsISZ2R0wUijXIngRK9R/e7Xw/cXVxQK7R5JjW+SV4zGcn5hXjudkN/pLIw==}
    dependencies:
      '@types/prop-types': 15.7.12
      csstype: 3.1.3
    dev: true

  /@types/shimmer@1.0.5:
    resolution: {integrity: sha512-9Hp0ObzwwO57DpLFF0InUjUm/II8GmKAvzbefxQTihCb7KI6yc9yzf0nLc4mVdby5N4DRCgQM2wCup9KTieeww==}
    dev: true

  /@types/ws@8.5.10:
    resolution: {integrity: sha512-vmQSUcfalpIq0R9q7uTo2lXs6eGIpt9wtnLdMv9LVpIjCA/+ufZRozlVoVelIYixx1ugCBKDhn89vnsEGOCx9A==}
    dependencies:
      '@types/node': 20.14.1

  /acorn-import-assertions@1.9.0(acorn@8.11.3):
    resolution: {integrity: sha512-cmMwop9x+8KFhxvKrKfPYmN6/pKTYYHBqLa0DfvVZcKMJWNyWLnaqND7dx/qn66R7ewM1UX5XMaDVP5wlVTaVA==}
    peerDependencies:
      acorn: ^8
    dependencies:
      acorn: 8.11.3
    dev: true

  /acorn@8.11.3:
    resolution: {integrity: sha512-Y9rRfJG5jcKOE0CLisYbojUjIrIEE7AGMzA/Sm4BslANhbS+cDMpgBdcPT91oJ7OuJ9hYJBx59RjbhxVnrF8Xg==}
    engines: {node: '>=0.4.0'}
    hasBin: true
    dev: true

  /async-mutex@0.5.0:
    resolution: {integrity: sha512-1A94B18jkJ3DYq284ohPxoXbfTA5HsQ7/Mf4DEhcyLx3Bz27Rh59iScbB6EPiP+B+joue6YCxcMXSbFC1tZKwA==}
    dependencies:
      tslib: 2.6.2
    dev: false

  /bun-types@1.1.9:
    resolution: {integrity: sha512-3YuLiH4Ne/ghk7K6mHiaqCqKOMrtB0Z5p1WAskHSVgi0iMZgsARV4yGkbfi565YsStvUq6GXTWB3ga7M8cznkA==}
    dependencies:
      '@types/node': 20.12.14
      '@types/ws': 8.5.10
    dev: true

  /bun@1.1.12:
    resolution: {integrity: sha512-NZzeZuZk7VwCs8VAXnXUHCPOlTS/IyHCscChtT1M1FLSwhBcVMsGVStYlXaaoqsinBKgp0CGJdhnJw2gR3NkDw==}
    cpu: [arm64, x64]
    os: [darwin, linux, win32]
    hasBin: true
    requiresBuild: true
    optionalDependencies:
      '@oven/bun-darwin-aarch64': 1.1.12
      '@oven/bun-darwin-x64': 1.1.12
      '@oven/bun-darwin-x64-baseline': 1.1.12
      '@oven/bun-linux-aarch64': 1.1.12
      '@oven/bun-linux-x64': 1.1.12
      '@oven/bun-linux-x64-baseline': 1.1.12
      '@oven/bun-windows-x64': 1.1.12
      '@oven/bun-windows-x64-baseline': 1.1.12
    dev: true

  /busboy@1.6.0:
    resolution: {integrity: sha512-8SFQbg/0hQ9xy3UNTB0YEnsNBbWfhf7RtnzpL7TkBiTBRfrQ9Fxcnz7VJsleJpyp6rVLvXiuORqjlHi5q+PYuA==}
    engines: {node: '>=10.16.0'}
    dependencies:
      streamsearch: 1.1.0
    dev: false

  /caniuse-lite@1.0.30001627:
    resolution: {integrity: sha512-4zgNiB8nTyV/tHhwZrFs88ryjls/lHiqFhrxCW4qSTeuRByBVnPYpDInchOIySWknznucaf31Z4KYqjfbrecVw==}
    dev: false

  /cjs-module-lexer@1.3.1:
    resolution: {integrity: sha512-a3KdPAANPbNE4ZUv9h6LckSl9zLsYOP4MBmhIPkRaeyybt+r4UghLvq+xw/YwUcC1gqylCkL4rdVs3Lwupjm4Q==}
    dev: true

  /client-only@0.0.1:
    resolution: {integrity: sha512-IV3Ou0jSMzZrd3pZ48nLkT9DA7Ag1pnPzaiQhpW7c3RbcqqzvzzVu+L8gfqMp/8IM2MQtSiqaCxrrcfu8I8rMA==}
    dev: false

  /cookie@0.6.0:
    resolution: {integrity: sha512-U71cyTamuh1CRNCfpGY6to28lxvNwPG4Guz/EVjgf3Jmzv0vlDp1atT9eS5dDjMYHucpHbWns6Lwf3BKz6svdw==}
    engines: {node: '>= 0.6'}
    dev: false

  /csstype@3.1.3:
    resolution: {integrity: sha512-M1uQkMl8rQK/szD0LNhtqxIPLpimGm8sOBwU7lLnCpSbTyY3yeU1Vc7l4KT5zT4s/yOxHH5O7tIuuLOCnLADRw==}
    dev: true

  /data-uri-to-buffer@4.0.1:
    resolution: {integrity: sha512-0R9ikRb668HB7QDxT1vkpuUBtqc53YyAwMwGeUFKRojY/NWKvdZ+9UYtRfGmhqNbRkTSVpMbmyhXipFFv2cb/A==}
    engines: {node: '>= 12'}
    dev: false

  /debug@4.3.5:
    resolution: {integrity: sha512-pt0bNEmneDIvdL1Xsd9oDQ/wrQRkXDT4AUWlNZNPKvW5x/jyO9VFXkJUP07vQ2upmw5PlaITaPKc31jK13V+jg==}
    engines: {node: '>=6.0'}
    peerDependencies:
      supports-color: '*'
    peerDependenciesMeta:
      supports-color:
        optional: true
    dependencies:
      ms: 2.1.2
    dev: true

  /detect-libc@2.0.2:
    resolution: {integrity: sha512-UX6sGumvvqSaXgdKGUsgZWqcUyIXZ/vZTrlRT/iobiKhGL0zL4d3osHj3uqllWJK+i+sixDS/3COVEOFbupFyw==}
    engines: {node: '>=8'}
    dev: false

  /dotenv@16.4.5:
    resolution: {integrity: sha512-ZmdL2rui+eB2YwhsWzjInR8LldtZHGDoQ1ugH85ppHKwpUHL7j7rN0Ti9NCnGiQbhaZ11FpR+7ao1dNsmduNUg==}
    engines: {node: '>=12'}
    dev: true

  /fetch-blob@3.2.0:
    resolution: {integrity: sha512-7yAQpD2UMJzLi1Dqv7qFYnPbaPx7ZfFK6PiIxQ4PfkGPyNyl2Ugx+a/umUonmKqjhM4DnfbMvdX6otXq83soQQ==}
    engines: {node: ^12.20 || >= 14.13}
    dependencies:
      node-domexception: 1.0.0
      web-streams-polyfill: 3.3.3
    dev: false

  /formdata-polyfill@4.0.10:
    resolution: {integrity: sha512-buewHzMvYL29jdeQTVILecSaZKnt/RJWjoZCF5OW60Z67/GmSLBkOFM7qh1PI3zFNtJbaZL5eQu1vLfazOwj4g==}
    engines: {node: '>=12.20.0'}
    dependencies:
      fetch-blob: 3.2.0
    dev: false

  /fsevents@2.3.3:
    resolution: {integrity: sha512-5xoDfX+fL7faATnagmWPpbFtwh/R77WmMMqqHGS65C3vvB0YHrgF+B1YmZ3441tMj5n63k0212XNoJwzlhffQw==}
    engines: {node: ^8.16.0 || ^10.6.0 || >=11.0.0}
    os: [darwin]
    requiresBuild: true
    dev: true
    optional: true

  /function-bind@1.1.2:
    resolution: {integrity: sha512-7XHNxH7qX9xG5mIwxkhumTox/MIRNcOgDrxWsMt2pAr23WHp6MrRlN7FBSFpCpr+oVO0F744iUgR82nJMfG2SA==}
    dev: true

  /graceful-fs@4.2.11:
    resolution: {integrity: sha512-RbJ5/jmFcNNCcDV5o9eTnBLJ/HszWV0P73bc+Ff4nS/rJj+YaS6IGyiOL0VoBYX+l1Wrl3k63h/KrH+nhJ0XvQ==}
    dev: false

  /growly@1.3.0:
    resolution: {integrity: sha512-+xGQY0YyAWCnqy7Cd++hc2JqMYzlm0dG30Jd0beaA64sROr8C4nt8Yc9V5Ro3avlSUDTN0ulqP/VBKi1/lLygw==}
    dev: true

  /hasown@2.0.2:
    resolution: {integrity: sha512-0hJU9SCPvmMzIBdZFqNPXWa6dqh7WdH0cII9y+CyS8rG3nL48Bclra9HmKhVVUHyPWNH5Y7xDwAB7bfgSjkUMQ==}
    engines: {node: '>= 0.4'}
    dependencies:
      function-bind: 1.1.2
    dev: true

  /import-in-the-middle@1.7.1:
    resolution: {integrity: sha512-1LrZPDtW+atAxH42S6288qyDFNQ2YCty+2mxEPRtfazH6Z5QwkaBSTS2ods7hnVJioF6rkRfNoA6A/MstpFXLg==}
    dependencies:
      acorn: 8.11.3
      acorn-import-assertions: 1.9.0(acorn@8.11.3)
      cjs-module-lexer: 1.3.1
      module-details-from-path: 1.0.3
    dev: true

  /is-core-module@2.13.1:
    resolution: {integrity: sha512-hHrIjvZsftOsvKSn2TRYl63zvxsgE0K+0mYMoH6gD4omR5IWB2KynivBQczo3+wF1cCkjzvptnI9Q0sPU66ilw==}
    dependencies:
      hasown: 2.0.2
    dev: true

  /is-docker@2.2.1:
    resolution: {integrity: sha512-F+i2BKsFrH66iaUFc0woD8sLy8getkwTwtOBjvs56Cx4CgJDeKQeqfz8wAYiSb8JOprWhHH5p77PbmYCvvUuXQ==}
    engines: {node: '>=8'}
    hasBin: true
    dev: true

  /is-wsl@2.2.0:
    resolution: {integrity: sha512-fKzAra0rGJUUBwGBgNkHZuToZcn+TtXHpeCgmkMJMMYx1sQDYaCSyjJBSCa2nH1DGm7s3n1oBnohoVTBaN7Lww==}
    engines: {node: '>=8'}
    dependencies:
      is-docker: 2.2.1
    dev: true

  /isexe@2.0.0:
    resolution: {integrity: sha512-RHxMLp9lnKHGHRng9QFhRCMbYAcVpn69smSGcq3f36xjgVVWThj4qqLbTLlq7Ssj8B+fIQ1EuCEGI2lKsyQeIw==}
    dev: true

  /jose@5.4.0:
    resolution: {integrity: sha512-6rpxTHPAQyWMb9A35BroFl1Sp0ST3DpPcm5EVIxZxdH+e0Hv9fwhyB3XLKFUcHNpdSDnETmBfuPPTTlYz5+USw==}
    dev: false

  /js-base64@3.7.7:
    resolution: {integrity: sha512-7rCnleh0z2CkXhH67J8K1Ytz0b2Y+yxTPL+/KOJoa20hfnVQ/3/T6W/KflYI4bRHRagNeXeU2bkNGI3v1oS/lw==}
    dev: false

  /js-tokens@4.0.0:
    resolution: {integrity: sha512-RdJUflcE3cUzKiMqQgsCu06FPu9UdIJO0beYbPhHN4k6apgJtifcoCtT9bcxOpYBtpD2kCM6Sbzg4CausW/PKQ==}
    dev: false

  /kleur@4.1.5:
    resolution: {integrity: sha512-o+NO+8WrRiQEE4/7nwRJhN1HWpVmJm511pBHUxPLtp0BUISzlBplORYSmTclCnJvQq2tKu/sgl3xVpkc7ZWuQQ==}
    engines: {node: '>=6'}
    dev: true

  /libsql@0.3.18:
    resolution: {integrity: sha512-lvhKr7WV3NLWRbXkjn/MeKqXOAqWKU0PX9QYrvDh7fneukapj+iUQ4qgJASrQyxcCrEsClXCQiiK5W6OoYPAlA==}
    cpu: [x64, arm64, wasm32]
    os: [darwin, linux, win32]
    dependencies:
      '@neon-rs/load': 0.0.4
      detect-libc: 2.0.2
    optionalDependencies:
      '@libsql/darwin-arm64': 0.3.18
      '@libsql/darwin-x64': 0.3.18
      '@libsql/linux-arm64-gnu': 0.3.18
      '@libsql/linux-arm64-musl': 0.3.18
      '@libsql/linux-x64-gnu': 0.3.18
      '@libsql/linux-x64-musl': 0.3.18
      '@libsql/win32-x64-msvc': 0.3.18
    dev: false

  /lodash.merge@4.6.2:
    resolution: {integrity: sha512-0KpjqXRVvrYyCsX1swR/XTK0va6VQkQM6MNo7PqW77ByjAhoARA8EfrP1N4+KlKj8YS0ZUCtRT/YUuhyYDujIQ==}
    dev: true

  /loose-envify@1.4.0:
    resolution: {integrity: sha512-lyuxPGr/Wfhrlem2CL/UcnUc1zcqKAImBDzukY7Y5F/yQiNdko6+fRLevlw1HgMySw7f611UIY408EtxRSoK3Q==}
    hasBin: true
    dependencies:
      js-tokens: 4.0.0
    dev: false

  /module-details-from-path@1.0.3:
    resolution: {integrity: sha512-ySViT69/76t8VhE1xXHK6Ch4NcDd26gx0MzKXLO+F7NOtnqH68d9zF94nT8ZWSxXh8ELOERsnJO/sWt1xZYw5A==}
    dev: true

  /ms@2.1.2:
    resolution: {integrity: sha512-sGkPx+VjMtmA6MX27oA4FBFELFCZZ4S4XqeGOXCv68tT+jb3vk/RyaKWP0PTKyWtmLSM0b+adUTEvbs1PEaH2w==}
    dev: true

  /nanoid@3.3.7:
    resolution: {integrity: sha512-eSRppjcPIatRIMC1U6UngP8XFcz8MQWGQdt1MTBQ7NaAmvXDfvNxbvWV3x2y6CdEUciCSsDHDQZbhYaB8QEo2g==}
    engines: {node: ^10 || ^12 || ^13.7 || ^14 || >=15.0.1}
    hasBin: true
    dev: false

  /next-auth@5.0.0-beta.19(next@14.2.3)(react@18.3.1):
    resolution: {integrity: sha512-YHu1igcAxZPh8ZB7GIM93dqgY6gcAzq66FOhQFheAdOx1raxNcApt05nNyNCSB6NegSiyJ4XOPsaNow4pfDmsg==}
    peerDependencies:
      '@simplewebauthn/browser': ^9.0.1
      '@simplewebauthn/server': ^9.0.2
      next: ^14 || ^15.0.0-0
      nodemailer: ^6.6.5
      react: ^18.2.0 || ^19.0.0-0
    peerDependenciesMeta:
      '@simplewebauthn/browser':
        optional: true
      '@simplewebauthn/server':
        optional: true
      nodemailer:
        optional: true
    dependencies:
      '@auth/core': 0.32.0
      next: 14.2.3(@opentelemetry/api@1.8.0)(react-dom@18.3.1)(react@18.3.1)
      react: 18.3.1
    dev: false

  /next@14.2.3(@opentelemetry/api@1.8.0)(react-dom@18.3.1)(react@18.3.1):
    resolution: {integrity: sha512-dowFkFTR8v79NPJO4QsBUtxv0g9BrS/phluVpMAt2ku7H+cbcBJlopXjkWlwxrk/xGqMemr7JkGPGemPrLLX7A==}
    engines: {node: '>=18.17.0'}
    hasBin: true
    peerDependencies:
      '@opentelemetry/api': ^1.1.0
      '@playwright/test': ^1.41.2
      react: ^18.2.0
      react-dom: ^18.2.0
      sass: ^1.3.0
    peerDependenciesMeta:
      '@opentelemetry/api':
        optional: true
      '@playwright/test':
        optional: true
      sass:
        optional: true
    dependencies:
      '@next/env': 14.2.3
      '@opentelemetry/api': 1.8.0
      '@swc/helpers': 0.5.5
      busboy: 1.6.0
      caniuse-lite: 1.0.30001627
      graceful-fs: 4.2.11
      postcss: 8.4.31
      react: 18.3.1
      react-dom: 18.3.1(react@18.3.1)
      styled-jsx: 5.1.1(react@18.3.1)
    optionalDependencies:
      '@next/swc-darwin-arm64': 14.2.3
      '@next/swc-darwin-x64': 14.2.3
      '@next/swc-linux-arm64-gnu': 14.2.3
      '@next/swc-linux-arm64-musl': 14.2.3
      '@next/swc-linux-x64-gnu': 14.2.3
      '@next/swc-linux-x64-musl': 14.2.3
      '@next/swc-win32-arm64-msvc': 14.2.3
      '@next/swc-win32-ia32-msvc': 14.2.3
      '@next/swc-win32-x64-msvc': 14.2.3
    transitivePeerDependencies:
      - '@babel/core'
      - babel-plugin-macros
    dev: false

  /node-domexception@1.0.0:
    resolution: {integrity: sha512-/jKZoMpw0F8GRwl4/eLROPA3cfcXtLApP0QzLmUT/HuPCZWyB7IY9ZrMeKw2O/nFIqPQB3PVM9aYm0F312AXDQ==}
    engines: {node: '>=10.5.0'}
    dev: false

  /node-fetch@3.3.2:
    resolution: {integrity: sha512-dRB78srN/l6gqWulah9SrxeYnxeddIG30+GOqK/9OlLVyLg3HPnr6SqOWTWOXKRwC2eGYCkZ59NNuSgvSrpgOA==}
    engines: {node: ^12.20.0 || ^14.13.1 || >=16.0.0}
    dependencies:
      data-uri-to-buffer: 4.0.1
      fetch-blob: 3.2.0
      formdata-polyfill: 4.0.10
    dev: false

  /node-notifier@10.0.1:
    resolution: {integrity: sha512-YX7TSyDukOZ0g+gmzjB6abKu+hTGvO8+8+gIFDsRCU2t8fLV/P2unmt+LGFaIa4y64aX98Qksa97rgz4vMNeLQ==}
    dependencies:
      growly: 1.3.0
      is-wsl: 2.2.0
      semver: 7.6.2
      shellwords: 0.1.1
      uuid: 8.3.2
      which: 2.0.2
    dev: true

  /oauth4webapi@2.10.4:
    resolution: {integrity: sha512-DSoj8QoChzOCQlJkRmYxAJCIpnXFW32R0Uq7avyghIeB6iJq0XAblOD7pcq3mx4WEBDwMuKr0Y1qveCBleG2Xw==}
    dev: false

  /os-paths@7.4.0:
    resolution: {integrity: sha512-Ux1J4NUqC6tZayBqLN1kUlDAEvLiQlli/53sSddU4IN+h+3xxnv2HmRSMpVSvr1hvJzotfMs3ERvETGK+f4OwA==}
    engines: {node: '>= 4.0'}
    optionalDependencies:
      fsevents: 2.3.3
    dev: true

  /path-parse@1.0.7:
    resolution: {integrity: sha512-LDJzPVEEEPR+y48z93A0Ed0yXb8pAByGWo/k5YYdYgpY2/2EsOsksJrq7lOHxryrVOn1ejG6oAp8ahvOIQD8sw==}
    dev: true

  /picocolors@1.0.1:
    resolution: {integrity: sha512-anP1Z8qwhkbmu7MFP5iTt+wQKXgwzf7zTyGlcdzabySa9vd0Xt392U0rVmz9poOaBj0uHJKyyo9/upk0HrEQew==}
    dev: false

  /postcss@8.4.31:
    resolution: {integrity: sha512-PS08Iboia9mts/2ygV3eLpY5ghnUcfLV/EXTOW1E2qYxJKGGBUtNjN76FYHnMs36RmARn41bC0AZmn+rR0OVpQ==}
    engines: {node: ^10 || ^12 || >=14}
    dependencies:
      nanoid: 3.3.7
      picocolors: 1.0.1
      source-map-js: 1.2.0
    dev: false

  /preact-render-to-string@5.2.3(preact@10.11.3):
    resolution: {integrity: sha512-aPDxUn5o3GhWdtJtW0svRC2SS/l8D9MAgo2+AWml+BhDImb27ALf04Q2d+AHqUUOc6RdSXFIBVa2gxzgMKgtZA==}
    peerDependencies:
      preact: '>=10'
    dependencies:
      preact: 10.11.3
      pretty-format: 3.8.0
    dev: false

  /preact@10.11.3:
    resolution: {integrity: sha512-eY93IVpod/zG3uMF22Unl8h9KkrcKIRs2EGar8hwLZZDU1lkjph303V9HZBwufh2s736U6VXuhD109LYqPoffg==}
    dev: false

  /pretty-format@3.8.0:
    resolution: {integrity: sha512-WuxUnVtlWL1OfZFQFuqvnvs6MiAGk9UNsBostyBOB0Is9wb5uRESevA6rnl/rkksXaGX3GzZhPup5d6Vp1nFew==}
    dev: false

  /prisma@5.15.0:
    resolution: {integrity: sha512-JA81ACQSCi3a7NUOgonOIkdx8PAVkO+HbUOxmd00Yb8DgIIEpr2V9+Qe/j6MLxIgWtE/OtVQ54rVjfYRbZsCfw==}
    engines: {node: '>=16.13'}
    hasBin: true
    requiresBuild: true
    dependencies:
      '@prisma/engines': 5.15.0

  /react-dom@18.3.1(react@18.3.1):
    resolution: {integrity: sha512-5m4nQKp+rZRb09LNH59GM4BxTh9251/ylbKIbpe7TpGxfJ+9kv6BLkLBXIjjspbgbnIBNqlI23tRnTWT0snUIw==}
    peerDependencies:
      react: ^18.3.1
    dependencies:
      loose-envify: 1.4.0
      react: 18.3.1
      scheduler: 0.23.2
    dev: false

  /react@18.3.1:
    resolution: {integrity: sha512-wS+hAgJShR0KhEvPJArfuPVN1+Hz1t0Y6n5jLrGQbkb4urgPE/0Rve+1kMB1v/oWgHgm4WIcV+i7F2pTVj+2iQ==}
    engines: {node: '>=0.10.0'}
    dependencies:
      loose-envify: 1.4.0
    dev: false

  /readline-sync@1.4.10:
    resolution: {integrity: sha512-gNva8/6UAe8QYepIQH/jQ2qn91Qj0B9sYjMBBs3QOB8F2CXcKgLxQaJRP76sWVRQt+QU+8fAkCbCvjjMFu7Ycw==}
    engines: {node: '>= 0.8.0'}
    dev: true

  /require-in-the-middle@7.3.0:
    resolution: {integrity: sha512-nQFEv9gRw6SJAwWD2LrL0NmQvAcO7FBwJbwmr2ttPAacfy0xuiOjE5zt+zM4xDyuyvUaxBi/9gb2SoCyNEVJcw==}
    engines: {node: '>=8.6.0'}
    dependencies:
      debug: 4.3.5
      module-details-from-path: 1.0.3
      resolve: 1.22.8
    transitivePeerDependencies:
      - supports-color
    dev: true

  /resolve@1.22.8:
    resolution: {integrity: sha512-oKWePCxqpd6FlLvGV1VU0x7bkPmmCNolxzjMf4NczoDnQcIWrAF+cPtZn5i6n+RfD2d9i0tzpKnG6Yk168yIyw==}
    hasBin: true
    dependencies:
      is-core-module: 2.13.1
      path-parse: 1.0.7
      supports-preserve-symlinks-flag: 1.0.0
    dev: true

  /scheduler@0.23.2:
    resolution: {integrity: sha512-UOShsPwz7NrMUqhR6t0hWjFduvOzbtv7toDH1/hIrfRNIDBnnBWd0CwJTGvTpngVlmwGCdP9/Zl/tVrDqcuYzQ==}
    dependencies:
      loose-envify: 1.4.0
    dev: false

  /semver@7.6.2:
    resolution: {integrity: sha512-FNAIBWCx9qcRhoHcgcJ0gvU7SN1lYU2ZXuSfl04bSC5OpvDHFyJCjdNHomPXxjQlCBU67YW64PzY7/VIEH7F2w==}
    engines: {node: '>=10'}
    hasBin: true
    dev: true

  /shellwords@0.1.1:
    resolution: {integrity: sha512-vFwSUfQvqybiICwZY5+DAWIPLKsWO31Q91JSKl3UYv+K5c2QRPzn0qzec6QPu1Qc9eHYItiP3NdJqNVqetYAww==}
    dev: true

  /shimmer@1.2.1:
    resolution: {integrity: sha512-sQTKC1Re/rM6XyFM6fIAGHRPVGvyXfgzIDvzoq608vM+jeyVD0Tu1E6Np0Kc2zAIFWIj963V2800iF/9LPieQw==}
    dev: true

  /source-map-js@1.2.0:
    resolution: {integrity: sha512-itJW8lvSA0TXEphiRoawsCksnlf8SyvmFzIhltqAHluXd88pkCd+cXJVHTDwdCr0IzwptSm035IHQktUu1QUMg==}
    engines: {node: '>=0.10.0'}
    dev: false

  /streamsearch@1.1.0:
    resolution: {integrity: sha512-Mcc5wHehp9aXz1ax6bZUyY5afg9u2rv5cqQI3mRrYkGC8rW2hM02jWuwjtL++LS5qinSyhj2QfLyNsuc+VsExg==}
    engines: {node: '>=10.0.0'}
    dev: false

  /styled-jsx@5.1.1(react@18.3.1):
    resolution: {integrity: sha512-pW7uC1l4mBZ8ugbiZrcIsiIvVx1UmTfw7UkC3Um2tmfUq9Bhk8IiyEIPl6F8agHgjzku6j0xQEZbfA5uSgSaCw==}
    engines: {node: '>= 12.0.0'}
    peerDependencies:
      '@babel/core': '*'
      babel-plugin-macros: '*'
      react: '>= 16.8.0 || 17.x.x || ^18.0.0-0'
    peerDependenciesMeta:
      '@babel/core':
        optional: true
      babel-plugin-macros:
        optional: true
    dependencies:
      client-only: 0.0.1
      react: 18.3.1
    dev: false

  /supports-preserve-symlinks-flag@1.0.0:
    resolution: {integrity: sha512-ot0WnXS9fgdkgIcePe6RHNk1WA8+muPa6cSjeR3V8K27q9BB1rTE3R1p7Hv0z1ZyAc8s6Vvv8DIyWf681MAt0w==}
    engines: {node: '>= 0.4'}
    dev: true

  /tslib@2.6.2:
    resolution: {integrity: sha512-AEYxH93jGFPn/a2iVAwW87VuUIkR1FVUKB77NwMF7nBTDkDrrT/Hpt/IrCJ0QXhW27jTBDcf5ZY7w6RiqTMw2Q==}
    dev: false

  /tslib@2.6.3:
    resolution: {integrity: sha512-xNvxJEOUiWPGhUuUdQgAJPKOOJfGnIyKySOc09XkKsgdUV/3E2zvwZYdejjmRgPCgcym1juLH3226yA7sEFJKQ==}
    requiresBuild: true
    dev: false

  /typescript@5.4.5:
    resolution: {integrity: sha512-vcI4UpRgg81oIRUFwR0WSIHKt11nJ7SAVlYNIu+QpqeyXP+gpQJy/Z4+F0aGxSE4MqwjyXvW/TzgkLAx2AGHwQ==}
    engines: {node: '>=14.17'}
    hasBin: true
    dev: true

  /undici-types@5.26.5:
    resolution: {integrity: sha512-JlCMO+ehdEIKqlFxk6IfVoAUVmgz7cU7zD/h9XZ0qzeosSHmUJVOzSQvvYSYWXkFXC+IfLKSIffhv0sVZup6pA==}

  /uuid@8.3.2:
    resolution: {integrity: sha512-+NYs2QeMWy+GWFOEm9xnn6HCDp0l7QBD7ml8zLUmJ+93Q5NF0NocErnwkTkXVFNiX3/fpC6afS8Dhb/gz7R7eg==}
    hasBin: true
    dev: true

  /web-streams-polyfill@3.3.3:
    resolution: {integrity: sha512-d2JWLCivmZYTSIoge9MsgFCZrt571BikcWGYkjC1khllbTeDlGqZ2D8vD8E/lJa8WGWbb7Plm8/XJYV7IJHZZw==}
    engines: {node: '>= 8'}
    dev: false

  /which@2.0.2:
    resolution: {integrity: sha512-BLI3Tl1TW3Pvl70l3yq3Y64i+awpwXqsGBYWkkqMtnbXgrMD+yj7rhW0kuEDxzJaYXGjEW5ogapKNMEKNMjibA==}
    engines: {node: '>= 8'}
    hasBin: true
    dependencies:
      isexe: 2.0.0
    dev: true

  /ws@8.17.0:
    resolution: {integrity: sha512-uJq6108EgZMAl20KagGkzCKfMEjxmKvZHG7Tlq0Z6nOky7YF7aq4mOx6xK8TJ/i1LeK4Qus7INktacctDgY8Ow==}
    engines: {node: '>=10.0.0'}
    peerDependencies:
      bufferutil: ^4.0.1
      utf-8-validate: '>=5.0.2'
    peerDependenciesMeta:
      bufferutil:
        optional: true
      utf-8-validate:
        optional: true
    dev: false

  /xdg-app-paths@8.3.0:
    resolution: {integrity: sha512-mgxlWVZw0TNWHoGmXq+NC3uhCIc55dDpAlDkMQUaIAcQzysb0kxctwv//fvuW61/nAAeUBJMQ8mnZjMmuYwOcQ==}
    engines: {node: '>= 4.0'}
    dependencies:
      xdg-portable: 10.6.0
    optionalDependencies:
      fsevents: 2.3.3
    dev: true

  /xdg-portable@10.6.0:
    resolution: {integrity: sha512-xrcqhWDvtZ7WLmt8G4f3hHy37iK7D2idtosRgkeiSPZEPmBShp0VfmRBLWAPC6zLF48APJ21yfea+RfQMF4/Aw==}
    engines: {node: '>= 4.0'}
    dependencies:
      os-paths: 7.4.0
    optionalDependencies:
      fsevents: 2.3.3
    dev: true
